
Microsoft Visual Studio Solution File, Format Version 12.00
# Visual Studio 2015
Project("{FAE04EC0-301F-11D3-BF4B-00C04F79EFBC}") = "VR Trail.CSharp", "VR Trail.CSharp.csproj", "{69D29E09-9521-6BDC-40AD-7711EB09F87E}"
EndProject
Global
	GlobalSection(SolutionConfigurationPlatforms) = preSolution
		Debug|Any CPU = Debug|Any CPU
		Release|Any CPU = Release|Any CPU
	EndGlobalSection
	GlobalSection(ProjectConfigurationPlatforms) = postSolution
		{69D29E09-9521-6BDC-40AD-7711EB09F87E}.Debug|Any CPU.ActiveCfg = Debug|Any CPU
		{69D29E09-9521-6BDC-40AD-7711EB09F87E}.Debug|Any CPU.Build.0 = Debug|Any CPU
		{69D29E09-9521-6BDC-40AD-7711EB09F87E}.Release|Any CPU.ActiveCfg = Release|Any CPU
		{69D29E09-9521-6BDC-40AD-7711EB09F87E}.Release|Any CPU.Build.0 = Release|Any CPU
	EndGlobalSection
	GlobalSection(SolutionProperties) = preSolution
		HideSolutionNode = FALSE
	EndGlobalSection
EndGlobal
